
Microsoft Visual Studio Solution File, Format Version 12.00
# Visual Studio Version 16
VisualStudioVersion = 16.0.35425.106
MinimumVisualStudioVersion = 10.0.40219.1
Project("{FAE04EC0-301F-11D3-BF4B-00C04F79EFBC}") = "WebApplication1", "WebApplication1.csproj", "{82AB5371-D5D6-4912-B03F-DC797F5D55D1}"
EndProject
Global
	GlobalSection(SolutionConfigurationPlatforms) = preSolution
		Debug|Any CPU = Debug|Any CPU
		Release|Any CPU = Release|Any CPU
	EndGlobalSection
	GlobalSection(ProjectConfigurationPlatforms) = postSolution
		{82AB5371-D5D6-4912-B03F-DC797F5D55D1}.Debug|Any CPU.ActiveCfg = Debug|Any CPU
		{82AB5371-D5D6-4912-B03F-DC797F5D55D1}.Debug|Any CPU.Build.0 = Debug|Any CPU
		{82AB5371-D5D6-4912-B03F-DC797F5D55D1}.Release|Any CPU.ActiveCfg = Release|Any CPU
		{82AB5371-D5D6-4912-B03F-DC797F5D55D1}.Release|Any CPU.Build.0 = Release|Any CPU
	EndGlobalSection
	GlobalSection(SolutionProperties) = preSolution
		HideSolutionNode = FALSE
	EndGlobalSection
	GlobalSection(ExtensibilityGlobals) = postSolution
		SolutionGuid = {F06186F2-AC89-4098-981F-B6F53A99EAE6}
	EndGlobalSection
EndGlobal
